// !$*UTF8*$!
{
	archiveVersion = 1;
	classes = {
	};
	objectVersion = 55;
	objects = {

/* Begin PBXBuildFile section */
		C94A32372793FCDE00A95A1C /* Tests_iOS.swift in Sources */ = {isa = PBXBuildFile; fileRef = C94A32362793FCDE00A95A1C /* Tests_iOS.swift */; };
		C94A32392793FCDE00A95A1C /* Tests_iOSLaunchTests.swift in Sources */ = {isa = PBXBuildFile; fileRef = C94A32382793FCDE00A95A1C /* Tests_iOSLaunchTests.swift */; };
		C94A32432793FCDE00A95A1C /* Tests_macOS.swift in Sources */ = {isa = PBXBuildFile; fileRef = C94A32422793FCDE00A95A1C /* Tests_macOS.swift */; };
		C94A32452793FCDE00A95A1C /* Tests_macOSLaunchTests.swift in Sources */ = {isa = PBXBuildFile; fileRef = C94A32442793FCDE00A95A1C /* Tests_macOSLaunchTests.swift */; };
		C94A32462793FCDE00A95A1C /* CardGameApp.swift in Sources */ = {isa = PBXBuildFile; fileRef = C94A321E2793FCD700A95A1C /* CardGameApp.swift */; };
		C94A32472793FCDE00A95A1C /* CardGameApp.swift in Sources */ = {isa = PBXBuildFile; fileRef = C94A321E2793FCD700A95A1C /* CardGameApp.swift */; };
		C94A32482793FCDE00A95A1C /* ContentView.swift in Sources */ = {isa = PBXBuildFile; fileRef = C94A321F2793FCD700A95A1C /* ContentView.swift */; };
		C94A32492793FCDE00A95A1C /* ContentView.swift in Sources */ = {isa = PBXBuildFile; fileRef = C94A321F2793FCD700A95A1C /* ContentView.swift */; };
		C94A324A2793FCDE00A95A1C /* Assets.xcassets in Resources */ = {isa = PBXBuildFile; fileRef = C94A32202793FCDE00A95A1C /* Assets.xcassets */; };
		C94A324B2793FCDE00A95A1C /* Assets.xcassets in Resources */ = {isa = PBXBuildFile; fileRef = C94A32202793FCDE00A95A1C /* Assets.xcassets */; };
/* End PBXBuildFile section */

/* Begin PBXContainerItemProxy section */
		C94A32332793FCDE00A95A1C /* PBXContainerItemProxy */ = {
			isa = PBXContainerItemProxy;
			containerPortal = C94A32192793FCD700A95A1C /* Project object */;
			proxyType = 1;
			remoteGlobalIDString = C94A32242793FCDE00A95A1C;
			remoteInfo = "CardGame (iOS)";
		};
		C94A323F2793FCDE00A95A1C /* PBXContainerItemProxy */ = {
			isa = PBXContainerItemProxy;
			containerPortal = C94A32192793FCD700A95A1C /* Project object */;
			proxyType = 1;
			remoteGlobalIDString = C94A322A2793FCDE00A95A1C;
			remoteInfo = "CardGame (macOS)";
		};
/* End PBXContainerItemProxy section */

/* Begin PBXFileReference section */
		C94A321E2793FCD700A95A1C /* CardGameApp.swift */ = {isa = PBXFileReference; lastKnownFileType = sourcecode.swift; path = CardGameApp.swift; sourceTree = "<group>"; };
		C94A321F2793FCD700A95A1C /* ContentView.swift */ = {isa = PBXFileReference; lastKnownFileType = sourcecode.swift; path = ContentView.swift; sourceTree = "<group>"; };
		C94A32202793FCDE00A95A1C /* Assets.xcassets */ = {isa = PBXFileReference; lastKnownFileType = folder.assetcatalog; path = Assets.xcassets; sourceTree = "<group>"; };
		C94A32252793FCDE00A95A1C /* CardGame.app */ = {isa = PBXFileReference; explicitFileType = wrapper.application; includeInIndex = 0; path = CardGame.app; sourceTree = BUILT_PRODUCTS_DIR; };
		C94A322B2793FCDE00A95A1C /* CardGame.app */ = {isa = PBXFileReference; explicitFileType = wrapper.application; includeInIndex = 0; path = CardGame.app; sourceTree = BUILT_PRODUCTS_DIR; };
		C94A322D2793FCDE00A95A1C /* macOS.entitlements */ = {isa = PBXFileReference; lastKnownFileType = text.plist.entitlements; path = macOS.entitlements; sourceTree = "<group>"; };
		C94A32322793FCDE00A95A1C /* Tests iOS.xctest */ = {isa = PBXFileReference; explicitFileType = wrapper.cfbundle; includeInIndex = 0; path = "Tests iOS.xctest"; sourceTree = BUILT_PRODUCTS_DIR; };
		C94A32362793FCDE00A95A1C /* Tests_iOS.swift */ = {isa = PBXFileReference; lastKnownFileType = sourcecode.swift; path = Tests_iOS.swift; sourceTree = "<group>"; };
		C94A32382793FCDE00A95A1C /* Tests_iOSLaunchTests.swift */ = {isa = PBXFileReference; lastKnownFileType = sourcecode.swift; path = Tests_iOSLaunchTests.swift; sourceTree = "<group>"; };
		C94A323E2793FCDE00A95A1C /* Tests macOS.xctest */ = {isa = PBXFileReference; explicitFileType = wrapper.cfbundle; includeInIndex = 0; path = "Tests macOS.xctest"; sourceTree = BUILT_PRODUCTS_DIR; };
		C94A32422793FCDE00A95A1C /* Tests_macOS.swift */ = {isa = PBXFileReference; lastKnownFileType = sourcecode.swift; path = Tests_macOS.swift; sourceTree = "<group>"; };
		C94A32442793FCDE00A95A1C /* Tests_macOSLaunchTests.swift */ = {isa = PBXFileReference; lastKnownFileType = sourcecode.swift; path = Tests_macOSLaunchTests.swift; sourceTree = "<group>"; };
/* End PBXFileReference section */

/* Begin PBXFrameworksBuildPhase section */
		C94A32222793FCDE00A95A1C /* Frameworks */ = {
			isa = PBXFrameworksBuildPhase;
			buildActionMask = 2147483647;
			files = (
			);
			runOnlyForDeploymentPostprocessing = 0;
		};
		C94A32282793FCDE00A95A1C /* Frameworks */ = {
			isa = PBXFrameworksBuildPhase;
			buildActionMask = 2147483647;
			files = (
			);
			runOnlyForDeploymentPostprocessing = 0;
		};
		C94A322F2793FCDE00A95A1C /* Frameworks */ = {
			isa = PBXFrameworksBuildPhase;
			buildActionMask = 2147483647;
			files = (
			);
			runOnlyForDeploymentPostprocessing = 0;
		};
		C94A323B2793FCDE00A95A1C /* Frameworks */ = {
			isa = PBXFrameworksBuildPhase;
			buildActionMask = 2147483647;
			files = (
			);
			runOnlyForDeploymentPostprocessing = 0;
		};
/* End PBXFrameworksBuildPhase section */

/* Begin PBXGroup section */
		C94A32182793FCD700A95A1C = {
			isa = PBXGroup;
			children = (
				C94A321D2793FCD700A95A1C /* Shared */,
				C94A322C2793FCDE00A95A1C /* macOS */,
				C94A32352793FCDE00A95A1C /* Tests iOS */,
				C94A32412793FCDE00A95A1C /* Tests macOS */,
				C94A32262793FCDE00A95A1C /* Products */,
			);
			sourceTree = "<group>";
		};
		C94A321D2793FCD700A95A1C /* Shared */ = {
			isa = PBXGroup;
			children = (
				C94A321E2793FCD700A95A1C /* CardGameApp.swift */,
				C94A321F2793FCD700A95A1C /* ContentView.swift */,
				C94A32202793FCDE00A95A1C /* Assets.xcassets */,
			);
			path = Shared;
			sourceTree = "<group>";
		};
		C94A32262793FCDE00A95A1C /* Products */ = {
			isa = PBXGroup;
			children = (
				C94A32252793FCDE00A95A1C /* CardGame.app */,
				C94A322B2793FCDE00A95A1C /* CardGame.app */,
				C94A32322793FCDE00A95A1C /* Tests iOS.xctest */,
				C94A323E2793FCDE00A95A1C /* Tests macOS.xctest */,
			);
			name = Products;
			sourceTree = "<group>";
		};
		C94A322C2793FCDE00A95A1C /* macOS */ = {
			isa = PBXGroup;
			children = (
				C94A322D2793FCDE00A95A1C /* macOS.entitlements */,
			);
			path = macOS;
			sourceTree = "<group>";
		};
		C94A32352793FCDE00A95A1C /* Tests iOS */ = {
			isa = PBXGroup;
			children = (
				C94A32362793FCDE00A95A1C /* Tests_iOS.swift */,
				C94A32382793FCDE00A95A1C /* Tests_iOSLaunchTests.swift */,
			);
			path = "Tests iOS";
			sourceTree = "<group>";
		};
		C94A32412793FCDE00A95A1C /* Tests macOS */ = {
			isa = PBXGroup;
			children = (
				C94A32422793FCDE00A95A1C /* Tests_macOS.swift */,
				C94A32442793FCDE00A95A1C /* Tests_macOSLaunchTests.swift */,
			);
			path = "Tests macOS";
			sourceTree = "<group>";
		};
/* End PBXGroup section */

/* Begin PBXNativeTarget section */
		C94A32242793FCDE00A95A1C /* CardGame (iOS) */ = {
			isa = PBXNativeTarget;
			buildConfigurationList = C94A324E2793FCDE00A95A1C /* Build configuration list for PBXNativeTarget "CardGame (iOS)" */;
			buildPhases = (
				C94A32212793FCDE00A95A1C /* Sources */,
				C94A32222793FCDE00A95A1C /* Frameworks */,
				C94A32232793FCDE00A95A1C /* Resources */,
			);
			buildRules = (
			);
			dependencies = (
			);
			name = "CardGame (iOS)";
			productName = "CardGame (iOS)";
			productReference = C94A32252793FCDE00A95A1C /* CardGame.app */;
			productType = "com.apple.product-type.application";
		};
		C94A322A2793FCDE00A95A1C /* CardGame (macOS) */ = {
			isa = PBXNativeTarget;
			buildConfigurationList = C94A32512793FCDE00A95A1C /* Build configuration list for PBXNativeTarget "CardGame (macOS)" */;
			buildPhases = (
				C94A32272793FCDE00A95A1C /* Sources */,
				C94A32282793FCDE00A95A1C /* Frameworks */,
				C94A32292793FCDE00A95A1C /* Resources */,
			);
			buildRules = (
			);
			dependencies = (
			);
			name = "CardGame (macOS)";
			productName = "CardGame (macOS)";
			productReference = C94A322B2793FCDE00A95A1C /* CardGame.app */;
			productType = "com.apple.product-type.application";
		};
		C94A32312793FCDE00A95A1C /* Tests iOS */ = {
			isa = PBXNativeTarget;
			buildConfigurationList = C94A32542793FCDE00A95A1C /* Build configuration list for PBXNativeTarget "Tests iOS" */;
			buildPhases = (
				C94A322E2793FCDE00A95A1C /* Sources */,
				C94A322F2793FCDE00A95A1C /* Frameworks */,
				C94A32302793FCDE00A95A1C /* Resources */,
			);
			buildRules = (
			);
			dependencies = (
				C94A32342793FCDE00A95A1C /* PBXTargetDependency */,
			);
			name = "Tests iOS";
			productName = "Tests iOS";
			productReference = C94A32322793FCDE00A95A1C /* Tests iOS.xctest */;
			productType = "com.apple.product-type.bundle.ui-testing";
		};
		C94A323D2793FCDE00A95A1C /* Tests macOS */ = {
			isa = PBXNativeTarget;
			buildConfigurationList = C94A32572793FCDE00A95A1C /* Build configuration list for PBXNativeTarget "Tests macOS" */;
			buildPhases = (
				C94A323A2793FCDE00A95A1C /* Sources */,
				C94A323B2793FCDE00A95A1C /* Frameworks */,
				C94A323C2793FCDE00A95A1C /* Resources */,
			);
			buildRules = (
			);
			dependencies = (
				C94A32402793FCDE00A95A1C /* PBXTargetDependency */,
			);
			name = "Tests macOS";
			productName = "Tests macOS";
			productReference = C94A323E2793FCDE00A95A1C /* Tests macOS.xctest */;
			productType = "com.apple.product-type.bundle.ui-testing";
		};
/* End PBXNativeTarget section */

/* Begin PBXProject section */
		C94A32192793FCD700A95A1C /* Project object */ = {
			isa = PBXProject;
			attributes = {
				BuildIndependentTargetsInParallel = 1;
				LastSwiftUpdateCheck = 1320;
				LastUpgradeCheck = 1320;
				TargetAttributes = {
					C94A32242793FCDE00A95A1C = {
						CreatedOnToolsVersion = 13.2.1;
					};
					C94A322A2793FCDE00A95A1C = {
						CreatedOnToolsVersion = 13.2.1;
					};
					C94A32312793FCDE00A95A1C = {
						CreatedOnToolsVersion = 13.2.1;
						TestTargetID = C94A32242793FCDE00A95A1C;
					};
					C94A323D2793FCDE00A95A1C = {
						CreatedOnToolsVersion = 13.2.1;
						TestTargetID = C94A322A2793FCDE00A95A1C;
					};
				};
			};
			buildConfigurationList = C94A321C2793FCD700A95A1C /* Build configuration list for PBXProject "CardGame" */;
			compatibilityVersion = "Xcode 13.0";
			developmentRegion = en;
			hasScannedForEncodings = 0;
			knownRegions = (
				en,
				Base,
			);
			mainGroup = C94A32182793FCD700A95A1C;
			productRefGroup = C94A32262793FCDE00A95A1C /* Products */;
			projectDirPath = "";
			projectRoot = "";
			targets = (
				C94A32242793FCDE00A95A1C /* CardGame (iOS) */,
				C94A322A2793FCDE00A95A1C /* CardGame (macOS) */,
				C94A32312793FCDE00A95A1C /* Tests iOS */,
				C94A323D2793FCDE00A95A1C /* Tests macOS */,
			);
		};
/* End PBXProject section */

/* Begin PBXResourcesBuildPhase section */
		C94A32232793FCDE00A95A1C /* Resources */ = {
			isa = PBXResourcesBuildPhase;
			buildActionMask = 2147483647;
			files = (
				C94A324A2793FCDE00A95A1C /* Assets.xcassets in Resources */,
			);
			runOnlyForDeploymentPostprocessing = 0;
		};
		C94A32292793FCDE00A95A1C /* Resources */ = {
			isa = PBXResourcesBuildPhase;
			buildActionMask = 2147483647;
			files = (
				C94A324B2793FCDE00A95A1C /* Assets.xcassets in Resources */,
			);
			runOnlyForDeploymentPostprocessing = 0;
		};
		C94A32302793FCDE00A95A1C /* Resources */ = {
			isa = PBXResourcesBuildPhase;
			buildActionMask = 2147483647;
			files = (
			);
			runOnlyForDeploymentPostprocessing = 0;
		};
		C94A323C2793FCDE00A95A1C /* Resources */ = {
			isa = PBXResourcesBuildPhase;
			buildActionMask = 2147483647;
			files = (
			);
			runOnlyForDeploymentPostprocessing = 0;
		};
/* End PBXResourcesBuildPhase section */

/* Begin PBXSourcesBuildPhase section */
		C94A32212793FCDE00A95A1C /* Sources */ = {
			isa = PBXSourcesBuildPhase;
			buildActionMask = 2147483647;
			files = (
				C94A32482793FCDE00A95A1C /* ContentView.swift in Sources */,
				C94A32462793FCDE00A95A1C /* CardGameApp.swift in Sources */,
			);
			runOnlyForDeploymentPostprocessing = 0;
		};
		C94A32272793FCDE00A95A1C /* Sources */ = {
			isa = PBXSourcesBuildPhase;
			buildActionMask = 2147483647;
			files = (
				C94A32492793FCDE00A95A1C /* ContentView.swift in Sources */,
				C94A32472793FCDE00A95A1C /* CardGameApp.swift in Sources */,
			);
			runOnlyForDeploymentPostprocessing = 0;
		};
		C94A322E2793FCDE00A95A1C /* Sources */ = {
			isa = PBXSourcesBuildPhase;
			buildActionMask = 2147483647;
			files = (
				C94A32392793FCDE00A95A1C /* Tests_iOSLaunchTests.swift in Sources */,
				C94A32372793FCDE00A95A1C /* Tests_iOS.swift in Sources */,
			);
			runOnlyForDeploymentPostprocessing = 0;
		};
		C94A323A2793FCDE00A95A1C /* Sources */ = {
			isa = PBXSourcesBuildPhase;
			buildActionMask = 2147483647;
			files = (
				C94A32452793FCDE00A95A1C /* Tests_macOSLaunchTests.swift in Sources */,
				C94A32432793FCDE00A95A1C /* Tests_macOS.swift in Sources */,
			);
			runOnlyForDeploymentPostprocessing = 0;
		};
/* End PBXSourcesBuildPhase section */

/* Begin PBXTargetDependency section */
		C94A32342793FCDE00A95A1C /* PBXTargetDependency */ = {
			isa = PBXTargetDependency;
			target = C94A32242793FCDE00A95A1C /* CardGame (iOS) */;
			targetProxy = C94A32332793FCDE00A95A1C /* PBXContainerItemProxy */;
		};
		C94A32402793FCDE00A95A1C /* PBXTargetDependency */ = {
			isa = PBXTargetDependency;
			target = C94A322A2793FCDE00A95A1C /* CardGame (macOS) */;
			targetProxy = C94A323F2793FCDE00A95A1C /* PBXContainerItemProxy */;
		};
/* End PBXTargetDependency section */

/* Begin XCBuildConfiguration section */
		C94A324C2793FCDE00A95A1C /* Debug */ = {
			isa = XCBuildConfiguration;
			buildSettings = {
				ALWAYS_SEARCH_USER_PATHS = NO;
				CLANG_ANALYZER_NONNULL = YES;
				CLANG_ANALYZER_NUMBER_OBJECT_CONVERSION = YES_AGGRESSIVE;
				CLANG_CXX_LANGUAGE_STANDARD = "gnu++17";
				CLANG_CXX_LIBRARY = "libc++";
				CLANG_ENABLE_MODULES = YES;
				CLANG_ENABLE_OBJC_ARC = YES;
				CLANG_ENABLE_OBJC_WEAK = YES;
				CLANG_WARN_BLOCK_CAPTURE_AUTORELEASING = YES;
				CLANG_WARN_BOOL_CONVERSION = YES;
				CLANG_WARN_COMMA = YES;
				CLANG_WARN_CONSTANT_CONVERSION = YES;
				CLANG_WARN_DEPRECATED_OBJC_IMPLEMENTATIONS = YES;
				CLANG_WARN_DIRECT_OBJC_ISA_USAGE = YES_ERROR;
				CLANG_WARN_DOCUMENTATION_COMMENTS = YES;
				CLANG_WARN_EMPTY_BODY = YES;
				CLANG_WARN_ENUM_CONVERSION = YES;
				CLANG_WARN_INFINITE_RECURSION = YES;
				CLANG_WARN_INT_CONVERSION = YES;
				CLANG_WARN_NON_LITERAL_NULL_CONVERSION = YES;
				CLANG_WARN_OBJC_IMPLICIT_RETAIN_SELF = YES;
				CLANG_WARN_OBJC_LITERAL_CONVERSION = YES;
				CLANG_WARN_OBJC_ROOT_CLASS = YES_ERROR;
				CLANG_WARN_QUOTED_INCLUDE_IN_FRAMEWORK_HEADER = YES;
				CLANG_WARN_RANGE_LOOP_ANALYSIS = YES;
				CLANG_WARN_STRICT_PROTOTYPES = YES;
				CLANG_WARN_SUSPICIOUS_MOVE = YES;
				CLANG_WARN_UNGUARDED_AVAILABILITY = YES_AGGRESSIVE;
				CLANG_WARN_UNREACHABLE_CODE = YES;
				CLANG_WARN__DUPLICATE_METHOD_MATCH = YES;
				COPY_PHASE_STRIP = NO;
				DEBUG_INFORMATION_FORMAT = dwarf;
				ENABLE_STRICT_OBJC_MSGSEND = YES;
				ENABLE_TESTABILITY = YES;
				GCC_C_LANGUAGE_STANDARD = gnu11;
				GCC_DYNAMIC_NO_PIC = NO;
				GCC_NO_COMMON_BLOCKS = YES;
				GCC_OPTIMIZATION_LEVEL = 0;
				GCC_PREPROCESSOR_DEFINITIONS = (
					"DEBUG=1",
					"$(inherited)",
				);
				GCC_WARN_64_TO_32_BIT_CONVERSION = YES;
				GCC_WARN_ABOUT_RETURN_TYPE = YES_ERROR;
				GCC_WARN_UNDECLARED_SELECTOR = YES;
				GCC_WARN_UNINITIALIZED_AUTOS = YES_AGGRESSIVE;
				GCC_WARN_UNUSED_FUNCTION = YES;
				GCC_WARN_UNUSED_VARIABLE = YES;
				MTL_ENABLE_DEBUG_INFO = INCLUDE_SOURCE;
				MTL_FAST_MATH = YES;
				ONLY_ACTIVE_ARCH = YES;
				SWIFT_ACTIVE_COMPILATION_CONDITIONS = DEBUG;
				SWIFT_OPTIMIZATION_LEVEL = "-Onone";
			};
			name = Debug;
		};
		C94A324D2793FCDE00A95A1C /* Release */ = {
			isa = XCBuildConfiguration;
			buildSettings = {
				ALWAYS_SEARCH_USER_PATHS = NO;
				CLANG_ANALYZER_NONNULL = YES;
				CLANG_ANALYZER_NUMBER_OBJECT_CONVERSION = YES_AGGRESSIVE;
				CLANG_CXX_LANGUAGE_STANDARD = "gnu++17";
				CLANG_CXX_LIBRARY = "libc++";
				CLANG_ENABLE_MODULES = YES;
				CLANG_ENABLE_OBJC_ARC = YES;
				CLANG_ENABLE_OBJC_WEAK = YES;
				CLANG_WARN_BLOCK_CAPTURE_AUTORELEASING = YES;
				CLANG_WARN_BOOL_CONVERSION = YES;
				CLANG_WARN_COMMA = YES;
				CLANG_WARN_CONSTANT_CONVERSION = YES;
				CLANG_WARN_DEPRECATED_OBJC_IMPLEMENTATIONS = YES;
				CLANG_WARN_DIRECT_OBJC_ISA_USAGE = YES_ERROR;
				CLANG_WARN_DOCUMENTATION_COMMENTS = YES;
				CLANG_WARN_EMPTY_BODY = YES;
				CLANG_WARN_ENUM_CONVERSION = YES;
				CLANG_WARN_INFINITE_RECURSION = YES;
				CLANG_WARN_INT_CONVERSION = YES;
				CLANG_WARN_NON_LITERAL_NULL_CONVERSION = YES;
				CLANG_WARN_OBJC_IMPLICIT_RETAIN_SELF = YES;
				CLANG_WARN_OBJC_LITERAL_CONVERSION = YES;
				CLANG_WARN_OBJC_ROOT_CLASS = YES_ERROR;
				CLANG_WARN_QUOTED_INCLUDE_IN_FRAMEWORK_HEADER = YES;
				CLANG_WARN_RANGE_LOOP_ANALYSIS = YES;
				CLANG_WARN_STRICT_PROTOTYPES = YES;
				CLANG_WARN_SUSPICIOUS_MOVE = YES;
				CLANG_WARN_UNGUARDED_AVAILABILITY = YES_AGGRESSIVE;
				CLANG_WARN_UNREACHABLE_CODE = YES;
				CLANG_WARN__DUPLICATE_METHOD_MATCH = YES;
				COPY_PHASE_STRIP = NO;
				DEBUG_INFORMATION_FORMAT = "dwarf-with-dsym";
				ENABLE_NS_ASSERTIONS = NO;
				ENABLE_STRICT_OBJC_MSGSEND = YES;
				GCC_C_LANGUAGE_STANDARD = gnu11;
				GCC_NO_COMMON_BLOCKS = YES;
				GCC_WARN_64_TO_32_BIT_CONVERSION = YES;
				GCC_WARN_ABOUT_RETURN_TYPE = YES_ERROR;
				GCC_WARN_UNDECLARED_SELECTOR = YES;
				GCC_WARN_UNINITIALIZED_AUTOS = YES_AGGRESSIVE;
				GCC_WARN_UNUSED_FUNCTION = YES;
				GCC_WARN_UNUSED_VARIABLE = YES;
				MTL_ENABLE_DEBUG_INFO = NO;
				MTL_FAST_MATH = YES;
				SWIFT_COMPILATION_MODE = wholemodule;
				SWIFT_OPTIMIZATION_LEVEL = "-O";
			};
			name = Release;
		};
		C94A324F2793FCDE00A95A1C /* Debug */ = {
			isa = XCBuildConfiguration;
			buildSettings = {
				ASSETCATALOG_COMPILER_APPICON_NAME = AppIcon;
				ASSETCATALOG_COMPILER_GLOBAL_ACCENT_COLOR_NAME = AccentColor;
				CODE_SIGN_STYLE = Automatic;
				CURRENT_PROJECT_VERSION = 1;
				ENABLE_PREVIEWS = YES;
				GENERATE_INFOPLIST_FILE = YES;
				INFOPLIST_KEY_UIApplicationSceneManifest_Generation = YES;
				INFOPLIST_KEY_UIApplicationSupportsIndirectInputEvents = YES;
				INFOPLIST_KEY_UILaunchScreen_Generation = YES;
				INFOPLIST_KEY_UISupportedInterfaceOrientations_iPad = "UIInterfaceOrientationPortrait UIInterfaceOrientationPortraitUpsideDown UIInterfaceOrientationLandscapeLeft UIInterfaceOrientationLandscapeRight";
				INFOPLIST_KEY_UISupportedInterfaceOrientations_iPhone = "UIInterfaceOrientationPortrait UIInterfaceOrientationLandscapeLeft UIInterfaceOrientationLandscapeRight";
				IPHONEOS_DEPLOYMENT_TARGET = 15.2;
				LD_RUNPATH_SEARCH_PATHS = (
					"$(inherited)",
					"@executable_path/Frameworks",
				);
				MARKETING_VERSION = 1.0;
				PRODUCT_BUNDLE_IDENTIFIER = vachirachat.CardGame;
				PRODUCT_NAME = CardGame;
				SDKROOT = iphoneos;
				SWIFT_EMIT_LOC_STRINGS = YES;
				SWIFT_VERSION = 5.0;
				TARGETED_DEVICE_FAMILY = "1,2";
			};
			name = Debug;
		};
		C94A32502793FCDE00A95A1C /* Release */ = {
			isa = XCBuildConfiguration;
			buildSettings = {
				ASSETCATALOG_COMPILER_APPICON_NAME = AppIcon;
				ASSETCATALOG_COMPILER_GLOBAL_ACCENT_COLOR_NAME = AccentColor;
				CODE_SIGN_STYLE = Automatic;
				CURRENT_PROJECT_VERSION = 1;
				ENABLE_PREVIEWS = YES;
				GENERATE_INFOPLIST_FILE = YES;
				INFOPLIST_KEY_UIApplicationSceneManifest_Generation = YES;
				INFOPLIST_KEY_UIApplicationSupportsIndirectInputEvents = YES;
				INFOPLIST_KEY_UILaunchScreen_Generation = YES;
				INFOPLIST_KEY_UISupportedInterfaceOrientations_iPad = "UIInterfaceOrientationPortrait UIInterfaceOrientationPortraitUpsideDown UIInterfaceOrientationLandscapeLeft UIInterfaceOrientationLandscapeRight";
				INFOPLIST_KEY_UISupportedInterfaceOrientations_iPhone = "UIInterfaceOrientationPortrait UIInterfaceOrientationLandscapeLeft UIInterfaceOrientationLandscapeRight";
				IPHONEOS_DEPLOYMENT_TARGET = 15.2;
				LD_RUNPATH_SEARCH_PATHS = (
					"$(inherited)",
					"@executable_path/Frameworks",
				);
				MARKETING_VERSION = 1.0;
				PRODUCT_BUNDLE_IDENTIFIER = vachirachat.CardGame;
				PRODUCT_NAME = CardGame;
				SDKROOT = iphoneos;
				SWIFT_EMIT_LOC_STRINGS = YES;
				SWIFT_VERSION = 5.0;
				TARGETED_DEVICE_FAMILY = "1,2";
				VALIDATE_PRODUCT = YES;
			};
			name = Release;
		};
		C94A32522793FCDE00A95A1C /* Debug */ = {
			isa = XCBuildConfiguration;
			buildSettings = {
				ASSETCATALOG_COMPILER_APPICON_NAME = AppIcon;
				ASSETCATALOG_COMPILER_GLOBAL_ACCENT_COLOR_NAME = AccentColor;
				CODE_SIGN_ENTITLEMENTS = macOS/macOS.entitlements;
				CODE_SIGN_STYLE = Automatic;
				COMBINE_HIDPI_IMAGES = YES;
				CURRENT_PROJECT_VERSION = 1;
				ENABLE_PREVIEWS = YES;
				GENERATE_INFOPLIST_FILE = YES;
				INFOPLIST_KEY_NSHumanReadableCopyright = "";
				LD_RUNPATH_SEARCH_PATHS = (
					"$(inherited)",
					"@executable_path/../Frameworks",
				);
				MACOSX_DEPLOYMENT_TARGET = 11.6;
				MARKETING_VERSION = 1.0;
				PRODUCT_BUNDLE_IDENTIFIER = vachirachat.CardGame;
				PRODUCT_NAME = CardGame;
				SDKROOT = macosx;
				SWIFT_EMIT_LOC_STRINGS = YES;
				SWIFT_VERSION = 5.0;
			};
			name = Debug;
		};
		C94A32532793FCDE00A95A1C /* Release */ = {
			isa = XCBuildConfiguration;
			buildSettings = {
				ASSETCATALOG_COMPILER_APPICON_NAME = AppIcon;
				ASSETCATALOG_COMPILER_GLOBAL_ACCENT_COLOR_NAME = AccentColor;
				CODE_SIGN_ENTITLEMENTS = macOS/macOS.entitlements;
				CODE_SIGN_STYLE = Automatic;
				COMBINE_HIDPI_IMAGES = YES;
				CURRENT_PROJECT_VERSION = 1;
				ENABLE_PREVIEWS = YES;
				GENERATE_INFOPLIST_FILE = YES;
				INFOPLIST_KEY_NSHumanReadableCopyright = "";
				LD_RUNPATH_SEARCH_PATHS = (
					"$(inherited)",
					"@executable_path/../Frameworks",
				);
				MACOSX_DEPLOYMENT_TARGET = 11.6;
				MARKETING_VERSION = 1.0;
				PRODUCT_BUNDLE_IDENTIFIER = vachirachat.CardGame;
				PRODUCT_NAME = CardGame;
				SDKROOT = macosx;
				SWIFT_EMIT_LOC_STRINGS = YES;
				SWIFT_VERSION = 5.0;
			};
			name = Release;
		};
		C94A32552793FCDE00A95A1C /* Debug */ = {
			isa = XCBuildConfiguration;
			buildSettings = {
				ALWAYS_EMBED_SWIFT_STANDARD_LIBRARIES = YES;
				CODE_SIGN_STYLE = Automatic;
				CURRENT_PROJECT_VERSION = 1;
				GENERATE_INFOPLIST_FILE = YES;
				IPHONEOS_DEPLOYMENT_TARGET = 15.2;
				MARKETING_VERSION = 1.0;
				PRODUCT_BUNDLE_IDENTIFIER = "vachirachat.Tests-iOS";
				PRODUCT_NAME = "$(TARGET_NAME)";
				SDKROOT = iphoneos;
				SWIFT_EMIT_LOC_STRINGS = NO;
				SWIFT_VERSION = 5.0;
				TARGETED_DEVICE_FAMILY = "1,2";
				TEST_TARGET_NAME = "CardGame (iOS)";
			};
			name = Debug;
		};
		C94A32562793FCDE00A95A1C /* Release */ = {
			isa = XCBuildConfiguration;
			buildSettings = {
				ALWAYS_EMBED_SWIFT_STANDARD_LIBRARIES = YES;
				CODE_SIGN_STYLE = Automatic;
				CURRENT_PROJECT_VERSION = 1;
				GENERATE_INFOPLIST_FILE = YES;
				IPHONEOS_DEPLOYMENT_TARGET = 15.2;
				MARKETING_VERSION = 1.0;
				PRODUCT_BUNDLE_IDENTIFIER = "vachirachat.Tests-iOS";
				PRODUCT_NAME = "$(TARGET_NAME)";
				SDKROOT = iphoneos;
				SWIFT_EMIT_LOC_STRINGS = NO;
				SWIFT_VERSION = 5.0;
				TARGETED_DEVICE_FAMILY = "1,2";
				TEST_TARGET_NAME = "CardGame (iOS)";
				VALIDATE_PRODUCT = YES;
			};
			name = Release;
		};
		C94A32582793FCDE00A95A1C /* Debug */ = {
			isa = XCBuildConfiguration;
			buildSettings = {
				ALWAYS_EMBED_SWIFT_STANDARD_LIBRARIES = YES;
				CODE_SIGN_STYLE = Automatic;
				CURRENT_PROJECT_VERSION = 1;
				GENERATE_INFOPLIST_FILE = YES;
				MACOSX_DEPLOYMENT_TARGET = 11.6;
				MARKETING_VERSION = 1.0;
				PRODUCT_BUNDLE_IDENTIFIER = "vachirachat.Tests-macOS";
				PRODUCT_NAME = "$(TARGET_NAME)";
				SDKROOT = macosx;
				SWIFT_EMIT_LOC_STRINGS = NO;
				SWIFT_VERSION = 5.0;
				TEST_TARGET_NAME = "CardGame (macOS)";
			};
			name = Debug;
		};
		C94A32592793FCDE00A95A1C /* Release */ = {
			isa = XCBuildConfiguration;
			buildSettings = {
				ALWAYS_EMBED_SWIFT_STANDARD_LIBRARIES = YES;
				CODE_SIGN_STYLE = Automatic;
				CURRENT_PROJECT_VERSION = 1;
				GENERATE_INFOPLIST_FILE = YES;
				MACOSX_DEPLOYMENT_TARGET = 11.6;
				MARKETING_VERSION = 1.0;
				PRODUCT_BUNDLE_IDENTIFIER = "vachirachat.Tests-macOS";
				PRODUCT_NAME = "$(TARGET_NAME)";
				SDKROOT = macosx;
				SWIFT_EMIT_LOC_STRINGS = NO;
				SWIFT_VERSION = 5.0;
				TEST_TARGET_NAME = "CardGame (macOS)";
			};
			name = Release;
		};
/* End XCBuildConfiguration section */

/* Begin XCConfigurationList section */
		C94A321C2793FCD700A95A1C /* Build configuration list for PBXProject "CardGame" */ = {
			isa = XCConfigurationList;
			buildConfigurations = (
				C94A324C2793FCDE00A95A1C /* Debug */,
				C94A324D2793FCDE00A95A1C /* Release */,
			);
			defaultConfigurationIsVisible = 0;
			defaultConfigurationName = Release;
		};
		C94A324E2793FCDE00A95A1C /* Build configuration list for PBXNativeTarget "CardGame (iOS)" */ = {
			isa = XCConfigurationList;
			buildConfigurations = (
				C94A324F2793FCDE00A95A1C /* Debug */,
				C94A32502793FCDE00A95A1C /* Release */,
			);
			defaultConfigurationIsVisible = 0;
			defaultConfigurationName = Release;
		};
		C94A32512793FCDE00A95A1C /* Build configuration list for PBXNativeTarget "CardGame (macOS)" */ = {
			isa = XCConfigurationList;
			buildConfigurations = (
				C94A32522793FCDE00A95A1C /* Debug */,
				C94A32532793FCDE00A95A1C /* Release */,
			);
			defaultConfigurationIsVisible = 0;
			defaultConfigurationName = Release;
		};
		C94A32542793FCDE00A95A1C /* Build configuration list for PBXNativeTarget "Tests iOS" */ = {
			isa = XCConfigurationList;
			buildConfigurations = (
				C94A32552793FCDE00A95A1C /* Debug */,
				C94A32562793FCDE00A95A1C /* Release */,
			);
			defaultConfigurationIsVisible = 0;
			defaultConfigurationName = Release;
		};
		C94A32572793FCDE00A95A1C /* Build configuration list for PBXNativeTarget "Tests macOS" */ = {
			isa = XCConfigurationList;
			buildConfigurations = (
				C94A32582793FCDE00A95A1C /* Debug */,
				C94A32592793FCDE00A95A1C /* Release */,
			);
			defaultConfigurationIsVisible = 0;
			defaultConfigurationName = Release;
		};
/* End XCConfigurationList section */
	};
	rootObject = C94A32192793FCD700A95A1C /* Project object */;
}
